
Microsoft Visual Studio Solution File, Format Version 12.00
# Visual Studio Version 17
VisualStudioVersion = 17.12.35514.174 d17.12
MinimumVisualStudioVersion = 10.0.40219.1
Project("{F184B08F-C81C-45F6-A57F-5ABD9991F28F}") = "Richest Man in Babylon Rule", "Richest Man in Babylon Rule\Richest Man in Babylon Rule.vbproj", "{93C30ED3-33A2-499F-BE48-87D26FA5806A}"
EndProject
Global
	GlobalSection(SolutionConfigurationPlatforms) = preSolution
		Debug|Any CPU = Debug|Any CPU
		Release|Any CPU = Release|Any CPU
	EndGlobalSection
	GlobalSection(ProjectConfigurationPlatforms) = postSolution
		{93C30ED3-33A2-499F-BE48-87D26FA5806A}.Debug|Any CPU.ActiveCfg = Debug|Any CPU
		{93C30ED3-33A2-499F-BE48-87D26FA5806A}.Debug|Any CPU.Build.0 = Debug|Any CPU
		{93C30ED3-33A2-499F-BE48-87D26FA5806A}.Release|Any CPU.ActiveCfg = Release|Any CPU
		{93C30ED3-33A2-499F-BE48-87D26FA5806A}.Release|Any CPU.Build.0 = Release|Any CPU
	EndGlobalSection
	GlobalSection(SolutionProperties) = preSolution
		HideSolutionNode = FALSE
	EndGlobalSection
EndGlobal
